
Microsoft Visual Studio Solution File, Format Version 12.00
# Visual Studio Version 17
VisualStudioVersion = 17.10.35013.160
MinimumVisualStudioVersion = 10.0.40219.1
Project("{FAE04EC0-301F-11D3-BF4B-00C04F79EFBC}") = "ConnectFour", "ConnectFour.csproj", "{FBB971C5-2DC5-4BA5-93BC-6C085FD4FF60}"
EndProject
Global
	GlobalSection(SolutionConfigurationPlatforms) = preSolution
		Debug|Any CPU = Debug|Any CPU
		Release|Any CPU = Release|Any CPU
	EndGlobalSection
	GlobalSection(ProjectConfigurationPlatforms) = postSolution
		{FBB971C5-2DC5-4BA5-93BC-6C085FD4FF60}.Debug|Any CPU.ActiveCfg = Debug|Any CPU
		{FBB971C5-2DC5-4BA5-93BC-6C085FD4FF60}.Debug|Any CPU.Build.0 = Debug|Any CPU
		{FBB971C5-2DC5-4BA5-93BC-6C085FD4FF60}.Release|Any CPU.ActiveCfg = Release|Any CPU
		{FBB971C5-2DC5-4BA5-93BC-6C085FD4FF60}.Release|Any CPU.Build.0 = Release|Any CPU
	EndGlobalSection
	GlobalSection(SolutionProperties) = preSolution
		HideSolutionNode = FALSE
	EndGlobalSection
	GlobalSection(ExtensibilityGlobals) = postSolution
		SolutionGuid = {998841BA-D4D8-4FCA-9E25-0FB60D43E9FB}
	EndGlobalSection
EndGlobal
